PODS:
  - IQKeyboardManagerSwift (6.5.6)

DEPENDENCIES:
  - IQKeyboardManagerSwift (= 6.5.6)

SPEC REPOS:
  trunk:
    - IQKeyboardManagerSwift

SPEC CHECKSUMS:
  IQKeyboardManagerSwift: c7df9d2deb356c04522f5c4b7b6e4ce4d8ed94fe

PODFILE CHECKSUM: b3f07975ecbf729f927999d51a3739e13d8270e6

COCOAPODS: 1.8.4
