// !$*UTF8*$!
{
	archiveVersion = 1;
	classes = {
	};
	objectVersion = 51;
	objects = {

/* Begin PBXBuildFile section */
		1C53595826C83E9200F5B148 /* AppDelegate.swift in Sources */ = {isa = PBXBuildFile; fileRef = 1C53595726C83E9200F5B148 /* AppDelegate.swift */; };
		1C53595A26C83E9200F5B148 /* SceneDelegate.swift in Sources */ = {isa = PBXBuildFile; fileRef = 1C53595926C83E9200F5B148 /* SceneDelegate.swift */; };
		1C53595C26C83E9200F5B148 /* SliderViewController.swift in Sources */ = {isa = PBXBuildFile; fileRef = 1C53595B26C83E9200F5B148 /* SliderViewController.swift */; };
		1C53595F26C83E9200F5B148 /* Main.storyboard in Resources */ = {isa = PBXBuildFile; fileRef = 1C53595D26C83E9200F5B148 /* Main.storyboard */; };
		1C53596126C83E9400F5B148 /* Assets.xcassets in Resources */ = {isa = PBXBuildFile; fileRef = 1C53596026C83E9400F5B148 /* Assets.xcassets */; };
		1C53596426C83E9400F5B148 /* LaunchScreen.storyboard in Resources */ = {isa = PBXBuildFile; fileRef = 1C53596226C83E9400F5B148 /* LaunchScreen.storyboard */; };
		1C53596F26C83E9400F5B148 /* KennethTests.swift in Sources */ = {isa = PBXBuildFile; fileRef = 1C53596E26C83E9400F5B148 /* KennethTests.swift */; };
		1C53597A26C83E9400F5B148 /* KennethUITests.swift in Sources */ = {isa = PBXBuildFile; fileRef = 1C53597926C83E9400F5B148 /* KennethUITests.swift */; };
		1C53598926C85F9F00F5B148 /* UIColor+Extensions.swift in Sources */ = {isa = PBXBuildFile; fileRef = 1C53598826C85F9F00F5B148 /* UIColor+Extensions.swift */; };
		1C53598B26C860B800F5B148 /* UIFont+Extensions.swift in Sources */ = {isa = PBXBuildFile; fileRef = 1C53598A26C860B800F5B148 /* UIFont+Extensions.swift */; };
		1C63B3F026C86AE500A77284 /* UIView+Extensions.swift in Sources */ = {isa = PBXBuildFile; fileRef = 1C63B3EF26C86AE500A77284 /* UIView+Extensions.swift */; };
		1C63B3F326C88EE600A77284 /* LoginViewController.swift in Sources */ = {isa = PBXBuildFile; fileRef = 1C63B3F226C88EE600A77284 /* LoginViewController.swift */; };
		1C63B3F526C88FAE00A77284 /* UILabel+Extensions.swift in Sources */ = {isa = PBXBuildFile; fileRef = 1C63B3F426C88FAE00A77284 /* UILabel+Extensions.swift */; };
		1C7E6FF426DA844B002E8E72 /* LoginViewModel.swift in Sources */ = {isa = PBXBuildFile; fileRef = 1C7E6FF326DA844B002E8E72 /* LoginViewModel.swift */; };
		1C7E6FFA26DA89F0002E8E72 /* LoginService.swift in Sources */ = {isa = PBXBuildFile; fileRef = 1C7E6FF926DA89F0002E8E72 /* LoginService.swift */; };
		1C7E6FFD26DA8D0F002E8E72 /* LoginServiceProtocol.swift in Sources */ = {isa = PBXBuildFile; fileRef = 1C7E6FFC26DA8D0F002E8E72 /* LoginServiceProtocol.swift */; };
		1C7E6FFF26DAAAA9002E8E72 /* LoginViewState.swift in Sources */ = {isa = PBXBuildFile; fileRef = 1C7E6FFE26DAAAA9002E8E72 /* LoginViewState.swift */; };
		1C7E700226DB0705002E8E72 /* ButtonView.swift in Sources */ = {isa = PBXBuildFile; fileRef = 1C7E700126DB0705002E8E72 /* ButtonView.swift */; };
		1C7E700526DB0741002E8E72 /* NibOwnerLoadable.swift in Sources */ = {isa = PBXBuildFile; fileRef = 1C7E700426DB0741002E8E72 /* NibOwnerLoadable.swift */; };
		1C7E700726DB0CF2002E8E72 /* ClosureTypes.swift in Sources */ = {isa = PBXBuildFile; fileRef = 1C7E700626DB0CF2002E8E72 /* ClosureTypes.swift */; };
		1C7E700926DB0E68002E8E72 /* ButtonViewStyle.swift in Sources */ = {isa = PBXBuildFile; fileRef = 1C7E700826DB0E68002E8E72 /* ButtonViewStyle.swift */; };
		1C7E700D26DB0F19002E8E72 /* TextStyle.swift in Sources */ = {isa = PBXBuildFile; fileRef = 1C7E700C26DB0F19002E8E72 /* TextStyle.swift */; };
		1C7E700F26DB1156002E8E72 /* TextBuilder.swift in Sources */ = {isa = PBXBuildFile; fileRef = 1C7E700E26DB1156002E8E72 /* TextBuilder.swift */; };
		1C7E701226DB3602002E8E72 /* ButtonView.xib in Resources */ = {isa = PBXBuildFile; fileRef = 1C7E701126DB3602002E8E72 /* ButtonView.xib */; };
		1C7E701426DB3DE5002E8E72 /* UIViewController+Extensions.swift in Sources */ = {isa = PBXBuildFile; fileRef = 1C7E701326DB3DE5002E8E72 /* UIViewController+Extensions.swift */; };
		1CCA4EDF26C9553A000A3214 /* RegisterViewController.swift in Sources */ = {isa = PBXBuildFile; fileRef = 1CCA4EDE26C9553A000A3214 /* RegisterViewController.swift */; };
		1CCA4EE126C95550000A3214 /* OnboardingViewController.swift in Sources */ = {isa = PBXBuildFile; fileRef = 1CCA4EE026C95550000A3214 /* OnboardingViewController.swift */; };
		472EB4D826DAF85300937B7E /* BaseViewController.swift in Sources */ = {isa = PBXBuildFile; fileRef = 472EB4D726DAF85300937B7E /* BaseViewController.swift */; };
		47CE106426C99967002EAAE9 /* String+Extensions.swift in Sources */ = {isa = PBXBuildFile; fileRef = 47CE106326C99967002EAAE9 /* String+Extensions.swift */; };
		47CE106C26C9A2B5002EAAE9 /* ForgotPasswordViewController.swift in Sources */ = {isa = PBXBuildFile; fileRef = 47CE106B26C9A2B5002EAAE9 /* ForgotPasswordViewController.swift */; };
		47ED84B626C84CEF003817AD /* SF-Pro-Display-Bold.otf in Resources */ = {isa = PBXBuildFile; fileRef = 47ED84B226C84CEF003817AD /* SF-Pro-Display-Bold.otf */; };
		47ED84B726C84CEF003817AD /* SF-Pro-Display-Semibold.otf in Resources */ = {isa = PBXBuildFile; fileRef = 47ED84B326C84CEF003817AD /* SF-Pro-Display-Semibold.otf */; };
		47ED84B826C84CEF003817AD /* SF-Pro-Display-Light.otf in Resources */ = {isa = PBXBuildFile; fileRef = 47ED84B426C84CEF003817AD /* SF-Pro-Display-Light.otf */; };
		47ED84B926C84CEF003817AD /* SF-Pro-Display-Regular.otf in Resources */ = {isa = PBXBuildFile; fileRef = 47ED84B526C84CEF003817AD /* SF-Pro-Display-Regular.otf */; };
		4BF1E0B792FBC23635C544CD /* Pods_KennethTests.framework in Frameworks */ = {isa = PBXBuildFile; fileRef = 6F106911B80D931193AF903E /* Pods_KennethTests.framework */; };
		BF7B1AD27972C23762C63413 /* Pods_Kenneth_KennethUITests.framework in Frameworks */ = {isa = PBXBuildFile; fileRef = 957F9A34990BABC457485FA9 /* Pods_Kenneth_KennethUITests.framework */; };
		D19C7705A828C59BF2470F74 /* Pods_Kenneth.framework in Frameworks */ = {isa = PBXBuildFile; fileRef = 1E436CB8A72983FE050C7799 /* Pods_Kenneth.framework */; };
/* End PBXBuildFile section */

/* Begin PBXContainerItemProxy section */
		1C53596B26C83E9400F5B148 /* PBXContainerItemProxy */ = {
			isa = PBXContainerItemProxy;
			containerPortal = 1C53594C26C83E9200F5B148 /* Project object */;
			proxyType = 1;
			remoteGlobalIDString = 1C53595326C83E9200F5B148;
			remoteInfo = Kenneth;
		};
		1C53597626C83E9400F5B148 /* PBXContainerItemProxy */ = {
			isa = PBXContainerItemProxy;
			containerPortal = 1C53594C26C83E9200F5B148 /* Project object */;
			proxyType = 1;
			remoteGlobalIDString = 1C53595326C83E9200F5B148;
			remoteInfo = Kenneth;
		};
/* End PBXContainerItemProxy section */

/* Begin PBXFileReference section */
		0A945E7A74E43298A718111E /* Pods-Kenneth-KennethUITests.debug.xcconfig */ = {isa = PBXFileReference; includeInIndex = 1; lastKnownFileType = text.xcconfig; name = "Pods-Kenneth-KennethUITests.debug.xcconfig"; path = "Target Support Files/Pods-Kenneth-KennethUITests/Pods-Kenneth-KennethUITests.debug.xcconfig"; sourceTree = "<group>"; };
		1C53595426C83E9200F5B148 /* Kenneth.app */ = {isa = PBXFileReference; explicitFileType = wrapper.application; includeInIndex = 0; path = Kenneth.app; sourceTree = BUILT_PRODUCTS_DIR; };
		1C53595726C83E9200F5B148 /* AppDelegate.swift */ = {isa = PBXFileReference; lastKnownFileType = sourcecode.swift; path = AppDelegate.swift; sourceTree = "<group>"; };
		1C53595926C83E9200F5B148 /* SceneDelegate.swift */ = {isa = PBXFileReference; lastKnownFileType = sourcecode.swift; path = SceneDelegate.swift; sourceTree = "<group>"; };
		1C53595B26C83E9200F5B148 /* SliderViewController.swift */ = {isa = PBXFileReference; lastKnownFileType = sourcecode.swift; path = SliderViewController.swift; sourceTree = "<group>"; };
		1C53595E26C83E9200F5B148 /* Base */ = {isa = PBXFileReference; lastKnownFileType = file.storyboard; name = Base; path = Base.lproj/Main.storyboard; sourceTree = "<group>"; };
		1C53596026C83E9400F5B148 /* Assets.xcassets */ = {isa = PBXFileReference; lastKnownFileType = folder.assetcatalog; path = Assets.xcassets; sourceTree = "<group>"; };
		1C53596326C83E9400F5B148 /* Base */ = {isa = PBXFileReference; lastKnownFileType = file.storyboard; name = Base; path = Base.lproj/LaunchScreen.storyboard; sourceTree = "<group>"; };
		1C53596526C83E9400F5B148 /* Info.plist */ = {isa = PBXFileReference; lastKnownFileType = text.plist.xml; path = Info.plist; sourceTree = "<group>"; };
		1C53596A26C83E9400F5B148 /* KennethTests.xctest */ = {isa = PBXFileReference; explicitFileType = wrapper.cfbundle; includeInIndex = 0; path = KennethTests.xctest; sourceTree = BUILT_PRODUCTS_DIR; };
		1C53596E26C83E9400F5B148 /* KennethTests.swift */ = {isa = PBXFileReference; lastKnownFileType = sourcecode.swift; path = KennethTests.swift; sourceTree = "<group>"; };
		1C53597026C83E9400F5B148 /* Info.plist */ = {isa = PBXFileReference; lastKnownFileType = text.plist.xml; path = Info.plist; sourceTree = "<group>"; };
		1C53597526C83E9400F5B148 /* KennethUITests.xctest */ = {isa = PBXFileReference; explicitFileType = wrapper.cfbundle; includeInIndex = 0; path = KennethUITests.xctest; sourceTree = BUILT_PRODUCTS_DIR; };
		1C53597926C83E9400F5B148 /* KennethUITests.swift */ = {isa = PBXFileReference; lastKnownFileType = sourcecode.swift; path = KennethUITests.swift; sourceTree = "<group>"; };
		1C53597B26C83E9400F5B148 /* Info.plist */ = {isa = PBXFileReference; lastKnownFileType = text.plist.xml; path = Info.plist; sourceTree = "<group>"; };
		1C53598826C85F9F00F5B148 /* UIColor+Extensions.swift */ = {isa = PBXFileReference; lastKnownFileType = sourcecode.swift; name = "UIColor+Extensions.swift"; path = "Kenneth/Extensions/UIKit/UIColor+Extensions.swift"; sourceTree = SOURCE_ROOT; };
		1C53598A26C860B800F5B148 /* UIFont+Extensions.swift */ = {isa = PBXFileReference; lastKnownFileType = sourcecode.swift; name = "UIFont+Extensions.swift"; path = "Kenneth/Extensions/UIKit/UIFont+Extensions.swift"; sourceTree = SOURCE_ROOT; };
		1C63B3EF26C86AE500A77284 /* UIView+Extensions.swift */ = {isa = PBXFileReference; fileEncoding = 4; lastKnownFileType = sourcecode.swift; name = "UIView+Extensions.swift"; path = "UIKit/UIView+Extensions.swift"; sourceTree = SOURCE_ROOT; };
		1C63B3F226C88EE600A77284 /* LoginViewController.swift */ = {isa = PBXFileReference; lastKnownFileType = sourcecode.swift; path = LoginViewController.swift; sourceTree = "<group>"; };
		1C63B3F426C88FAE00A77284 /* UILabel+Extensions.swift */ = {isa = PBXFileReference; lastKnownFileType = sourcecode.swift; name = "UILabel+Extensions.swift"; path = "UIKit/UILabel+Extensions.swift"; sourceTree = SOURCE_ROOT; };
		1C7E6FF326DA844B002E8E72 /* LoginViewModel.swift */ = {isa = PBXFileReference; lastKnownFileType = sourcecode.swift; path = LoginViewModel.swift; sourceTree = "<group>"; };
		1C7E6FF926DA89F0002E8E72 /* LoginService.swift */ = {isa = PBXFileReference; lastKnownFileType = sourcecode.swift; path = LoginService.swift; sourceTree = "<group>"; };
		1C7E6FFC26DA8D0F002E8E72 /* LoginServiceProtocol.swift */ = {isa = PBXFileReference; lastKnownFileType = sourcecode.swift; path = LoginServiceProtocol.swift; sourceTree = "<group>"; };
		1C7E6FFE26DAAAA9002E8E72 /* LoginViewState.swift */ = {isa = PBXFileReference; lastKnownFileType = sourcecode.swift; path = LoginViewState.swift; sourceTree = "<group>"; };
		1C7E700126DB0705002E8E72 /* ButtonView.swift */ = {isa = PBXFileReference; lastKnownFileType = sourcecode.swift; path = ButtonView.swift; sourceTree = "<group>"; };
		1C7E700426DB0741002E8E72 /* NibOwnerLoadable.swift */ = {isa = PBXFileReference; lastKnownFileType = sourcecode.swift; path = NibOwnerLoadable.swift; sourceTree = "<group>"; };
		1C7E700626DB0CF2002E8E72 /* ClosureTypes.swift */ = {isa = PBXFileReference; lastKnownFileType = sourcecode.swift; path = ClosureTypes.swift; sourceTree = "<group>"; };
		1C7E700826DB0E68002E8E72 /* ButtonViewStyle.swift */ = {isa = PBXFileReference; lastKnownFileType = sourcecode.swift; path = ButtonViewStyle.swift; sourceTree = "<group>"; };
		1C7E700C26DB0F19002E8E72 /* TextStyle.swift */ = {isa = PBXFileReference; lastKnownFileType = sourcecode.swift; path = TextStyle.swift; sourceTree = "<group>"; };
		1C7E700E26DB1156002E8E72 /* TextBuilder.swift */ = {isa = PBXFileReference; lastKnownFileType = sourcecode.swift; path = TextBuilder.swift; sourceTree = "<group>"; };
		1C7E701126DB3602002E8E72 /* ButtonView.xib */ = {isa = PBXFileReference; lastKnownFileType = file.xib; path = ButtonView.xib; sourceTree = "<group>"; };
		1C7E701326DB3DE5002E8E72 /* UIViewController+Extensions.swift */ = {isa = PBXFileReference; lastKnownFileType = sourcecode.swift; path = "UIViewController+Extensions.swift"; sourceTree = "<group>"; };
		1CCA4EDE26C9553A000A3214 /* RegisterViewController.swift */ = {isa = PBXFileReference; lastKnownFileType = sourcecode.swift; path = RegisterViewController.swift; sourceTree = "<group>"; };
		1CCA4EE026C95550000A3214 /* OnboardingViewController.swift */ = {isa = PBXFileReference; lastKnownFileType = sourcecode.swift; path = OnboardingViewController.swift; sourceTree = "<group>"; };
		1E436CB8A72983FE050C7799 /* Pods_Kenneth.framework */ = {isa = PBXFileReference; explicitFileType = wrapper.framework; includeInIndex = 0; path = Pods_Kenneth.framework; sourceTree = BUILT_PRODUCTS_DIR; };
		45CBE67566BA8A8A4B072117 /* Pods-Kenneth-KennethUITests.release.xcconfig */ = {isa = PBXFileReference; includeInIndex = 1; lastKnownFileType = text.xcconfig; name = "Pods-Kenneth-KennethUITests.release.xcconfig"; path = "Target Support Files/Pods-Kenneth-KennethUITests/Pods-Kenneth-KennethUITests.release.xcconfig"; sourceTree = "<group>"; };
		472EB4D726DAF85300937B7E /* BaseViewController.swift */ = {isa = PBXFileReference; lastKnownFileType = sourcecode.swift; path = BaseViewController.swift; sourceTree = "<group>"; };
		47CE106326C99967002EAAE9 /* String+Extensions.swift */ = {isa = PBXFileReference; lastKnownFileType = sourcecode.swift; path = "String+Extensions.swift"; sourceTree = "<group>"; };
		47CE106B26C9A2B5002EAAE9 /* ForgotPasswordViewController.swift */ = {isa = PBXFileReference; lastKnownFileType = sourcecode.swift; path = ForgotPasswordViewController.swift; sourceTree = "<group>"; };
		47ED84B226C84CEF003817AD /* SF-Pro-Display-Bold.otf */ = {isa = PBXFileReference; lastKnownFileType = file; path = "SF-Pro-Display-Bold.otf"; sourceTree = "<group>"; };
		47ED84B326C84CEF003817AD /* SF-Pro-Display-Semibold.otf */ = {isa = PBXFileReference; lastKnownFileType = file; path = "SF-Pro-Display-Semibold.otf"; sourceTree = "<group>"; };
		47ED84B426C84CEF003817AD /* SF-Pro-Display-Light.otf */ = {isa = PBXFileReference; lastKnownFileType = file; path = "SF-Pro-Display-Light.otf"; sourceTree = "<group>"; };
		47ED84B526C84CEF003817AD /* SF-Pro-Display-Regular.otf */ = {isa = PBXFileReference; lastKnownFileType = file; path = "SF-Pro-Display-Regular.otf"; sourceTree = "<group>"; };
		6F106911B80D931193AF903E /* Pods_KennethTests.framework */ = {isa = PBXFileReference; explicitFileType = wrapper.framework; includeInIndex = 0; path = Pods_KennethTests.framework; sourceTree = BUILT_PRODUCTS_DIR; };
		954F70E797D3A7125BBD8A57 /* Pods-Kenneth.debug.xcconfig */ = {isa = PBXFileReference; includeInIndex = 1; lastKnownFileType = text.xcconfig; name = "Pods-Kenneth.debug.xcconfig"; path = "Target Support Files/Pods-Kenneth/Pods-Kenneth.debug.xcconfig"; sourceTree = "<group>"; };
		957F9A34990BABC457485FA9 /* Pods_Kenneth_KennethUITests.framework */ = {isa = PBXFileReference; explicitFileType = wrapper.framework; includeInIndex = 0; path = Pods_Kenneth_KennethUITests.framework; sourceTree = BUILT_PRODUCTS_DIR; };
		96645A9CDD64433DF950C302 /* Pods-KennethTests.debug.xcconfig */ = {isa = PBXFileReference; includeInIndex = 1; lastKnownFileType = text.xcconfig; name = "Pods-KennethTests.debug.xcconfig"; path = "Target Support Files/Pods-KennethTests/Pods-KennethTests.debug.xcconfig"; sourceTree = "<group>"; };
		DE8D75847E462F98980B5DE7 /* Pods-KennethTests.release.xcconfig */ = {isa = PBXFileReference; includeInIndex = 1; lastKnownFileType = text.xcconfig; name = "Pods-KennethTests.release.xcconfig"; path = "Target Support Files/Pods-KennethTests/Pods-KennethTests.release.xcconfig"; sourceTree = "<group>"; };
		E9C30F5DE892EB8B107FAFBA /* Pods-Kenneth.release.xcconfig */ = {isa = PBXFileReference; includeInIndex = 1; lastKnownFileType = text.xcconfig; name = "Pods-Kenneth.release.xcconfig"; path = "Target Support Files/Pods-Kenneth/Pods-Kenneth.release.xcconfig"; sourceTree = "<group>"; };
/* End PBXFileReference section */

/* Begin PBXFrameworksBuildPhase section */
		1C53595126C83E9200F5B148 /* Frameworks */ = {
			isa = PBXFrameworksBuildPhase;
			buildActionMask = 2147483647;
			files = (
				D19C7705A828C59BF2470F74 /* Pods_Kenneth.framework in Frameworks */,
			);
			runOnlyForDeploymentPostprocessing = 0;
		};
		1C53596726C83E9400F5B148 /* Frameworks */ = {
			isa = PBXFrameworksBuildPhase;
			buildActionMask = 2147483647;
			files = (
				4BF1E0B792FBC23635C544CD /* Pods_KennethTests.framework in Frameworks */,
			);
			runOnlyForDeploymentPostprocessing = 0;
		};
		1C53597226C83E9400F5B148 /* Frameworks */ = {
			isa = PBXFrameworksBuildPhase;
			buildActionMask = 2147483647;
			files = (
				BF7B1AD27972C23762C63413 /* Pods_Kenneth_KennethUITests.framework in Frameworks */,
			);
			runOnlyForDeploymentPostprocessing = 0;
		};
/* End PBXFrameworksBuildPhase section */

/* Begin PBXGroup section */
		0B1043068F5A6FD55792DC58 /* Frameworks */ = {
			isa = PBXGroup;
			children = (
				1E436CB8A72983FE050C7799 /* Pods_Kenneth.framework */,
				957F9A34990BABC457485FA9 /* Pods_Kenneth_KennethUITests.framework */,
				6F106911B80D931193AF903E /* Pods_KennethTests.framework */,
			);
			name = Frameworks;
			sourceTree = "<group>";
		};
		1C53594B26C83E9200F5B148 = {
			isa = PBXGroup;
			children = (
				1C53598726C83EB800F5B148 /* App */,
				1C53595626C83E9200F5B148 /* Kenneth */,
				1C53596D26C83E9400F5B148 /* KennethTests */,
				1C53597826C83E9400F5B148 /* KennethUITests */,
				1C53595526C83E9200F5B148 /* Products */,
				D3AAE4A64CDCF621E3B4CF87 /* Pods */,
				0B1043068F5A6FD55792DC58 /* Frameworks */,
			);
			sourceTree = "<group>";
		};
		1C53595526C83E9200F5B148 /* Products */ = {
			isa = PBXGroup;
			children = (
				1C53595426C83E9200F5B148 /* Kenneth.app */,
				1C53596A26C83E9400F5B148 /* KennethTests.xctest */,
				1C53597526C83E9400F5B148 /* KennethUITests.xctest */,
			);
			name = Products;
			sourceTree = "<group>";
		};
		1C53595626C83E9200F5B148 /* Kenneth */ = {
			isa = PBXGroup;
			children = (
				47ED84AB26C842C6003817AD /* Components */,
				47ED84AA26C842C0003817AD /* Extensions */,
				472EB4D626DAF84200937B7E /* Models */,
				47ED84AC26C842DA003817AD /* Modules */,
				1C7E700326DB0731002E8E72 /* Protocols */,
				47ED84A826C84294003817AD /* Resources */,
				1C7E6FF826DA89E0002E8E72 /* Service */,
			);
			path = Kenneth;
			sourceTree = "<group>";
		};
		1C53596D26C83E9400F5B148 /* KennethTests */ = {
			isa = PBXGroup;
			children = (
				1C53596E26C83E9400F5B148 /* KennethTests.swift */,
				1C53597026C83E9400F5B148 /* Info.plist */,
			);
			path = KennethTests;
			sourceTree = "<group>";
		};
		1C53597826C83E9400F5B148 /* KennethUITests */ = {
			isa = PBXGroup;
			children = (
				1C53597926C83E9400F5B148 /* KennethUITests.swift */,
				1C53597B26C83E9400F5B148 /* Info.plist */,
			);
			path = KennethUITests;
			sourceTree = "<group>";
		};
		1C53598726C83EB800F5B148 /* App */ = {
			isa = PBXGroup;
			children = (
				1C53595726C83E9200F5B148 /* AppDelegate.swift */,
				1C53595926C83E9200F5B148 /* SceneDelegate.swift */,
				1C53596526C83E9400F5B148 /* Info.plist */,
			);
			path = App;
			sourceTree = "<group>";
		};
		1C63B3EE26C867C900A77284 /* Slider */ = {
			isa = PBXGroup;
			children = (
				1C53595B26C83E9200F5B148 /* SliderViewController.swift */,
			);
			path = Slider;
			sourceTree = "<group>";
		};
		1C63B3F126C88ECE00A77284 /* Onboarding */ = {
			isa = PBXGroup;
			children = (
				1C7E6FF626DA8491002E8E72 /* ForgotPassword */,
				1C7E6FF226DA840A002E8E72 /* Login */,
				1C7E6FF526DA8483002E8E72 /* Onboarding */,
				1C7E6FF726DA849B002E8E72 /* Register */,
			);
			path = Onboarding;
			sourceTree = "<group>";
		};
		1C7E6FF226DA840A002E8E72 /* Login */ = {
			isa = PBXGroup;
			children = (
				1C63B3F226C88EE600A77284 /* LoginViewController.swift */,
				1C7E6FF326DA844B002E8E72 /* LoginViewModel.swift */,
				1C7E6FFE26DAAAA9002E8E72 /* LoginViewState.swift */,
			);
			path = Login;
			sourceTree = "<group>";
		};
		1C7E6FF526DA8483002E8E72 /* Onboarding */ = {
			isa = PBXGroup;
			children = (
				1CCA4EE026C95550000A3214 /* OnboardingViewController.swift */,
			);
			path = Onboarding;
			sourceTree = "<group>";
		};
		1C7E6FF626DA8491002E8E72 /* ForgotPassword */ = {
			isa = PBXGroup;
			children = (
				47CE106B26C9A2B5002EAAE9 /* ForgotPasswordViewController.swift */,
			);
			path = ForgotPassword;
			sourceTree = "<group>";
		};
		1C7E6FF726DA849B002E8E72 /* Register */ = {
			isa = PBXGroup;
			children = (
				1CCA4EDE26C9553A000A3214 /* RegisterViewController.swift */,
			);
			path = Register;
			sourceTree = "<group>";
		};
		1C7E6FF826DA89E0002E8E72 /* Service */ = {
			isa = PBXGroup;
			children = (
				1C7E6FFB26DA8D05002E8E72 /* Login */,
			);
			path = Service;
			sourceTree = "<group>";
		};
		1C7E6FFB26DA8D05002E8E72 /* Login */ = {
			isa = PBXGroup;
			children = (
				1C7E6FF926DA89F0002E8E72 /* LoginService.swift */,
				1C7E6FFC26DA8D0F002E8E72 /* LoginServiceProtocol.swift */,
			);
			path = Login;
			sourceTree = "<group>";
		};
		1C7E700026DB06FB002E8E72 /* ButtonView */ = {
			isa = PBXGroup;
			children = (
				1C7E700126DB0705002E8E72 /* ButtonView.swift */,
				1C7E700826DB0E68002E8E72 /* ButtonViewStyle.swift */,
				1C7E701126DB3602002E8E72 /* ButtonView.xib */,
			);
			path = ButtonView;
			sourceTree = "<group>";
		};
		1C7E700326DB0731002E8E72 /* Protocols */ = {
			isa = PBXGroup;
			children = (
				1C7E700426DB0741002E8E72 /* NibOwnerLoadable.swift */,
			);
			path = Protocols;
			sourceTree = "<group>";
		};
		1C7E700A26DB0EE8002E8E72 /* Utility */ = {
			isa = PBXGroup;
			children = (
				1C7E700B26DB0EF4002E8E72 /* TextBuilder */,
			);
			path = Utility;
			sourceTree = "<group>";
		};
		1C7E700B26DB0EF4002E8E72 /* TextBuilder */ = {
			isa = PBXGroup;
			children = (
				1C7E700C26DB0F19002E8E72 /* TextStyle.swift */,
				1C7E700E26DB1156002E8E72 /* TextBuilder.swift */,
			);
			path = TextBuilder;
			sourceTree = "<group>";
		};
		1C7E701026DB33BB002E8E72 /* Text */ = {
			isa = PBXGroup;
			children = (
				1C7E700026DB06FB002E8E72 /* ButtonView */,
			);
			path = Text;
			sourceTree = "<group>";
		};
		472EB4D626DAF84200937B7E /* Models */ = {
			isa = PBXGroup;
			children = (
				472EB4D726DAF85300937B7E /* BaseViewController.swift */,
				1C7E700626DB0CF2002E8E72 /* ClosureTypes.swift */,
			);
			path = Models;
			sourceTree = "<group>";
		};
		47ED84A826C84294003817AD /* Resources */ = {
			isa = PBXGroup;
			children = (
				47ED84A926C842BA003817AD /* Fonts */,
				1C53596026C83E9400F5B148 /* Assets.xcassets */,
				1C53596226C83E9400F5B148 /* LaunchScreen.storyboard */,
			);
			path = Resources;
			sourceTree = "<group>";
		};
		47ED84A926C842BA003817AD /* Fonts */ = {
			isa = PBXGroup;
			children = (
				47ED84B226C84CEF003817AD /* SF-Pro-Display-Bold.otf */,
				47ED84B426C84CEF003817AD /* SF-Pro-Display-Light.otf */,
				47ED84B526C84CEF003817AD /* SF-Pro-Display-Regular.otf */,
				47ED84B326C84CEF003817AD /* SF-Pro-Display-Semibold.otf */,
			);
			path = Fonts;
			sourceTree = "<group>";
		};
		47ED84AA26C842C0003817AD /* Extensions */ = {
			isa = PBXGroup;
			children = (
				47ED84B026C842F2003817AD /* Foundation */,
				47ED84B126C842F7003817AD /* UIKit */,
			);
			path = Extensions;
			sourceTree = "<group>";
		};
		47ED84AB26C842C6003817AD /* Components */ = {
			isa = PBXGroup;
			children = (
				1C7E701026DB33BB002E8E72 /* Text */,
				1C7E700A26DB0EE8002E8E72 /* Utility */,
			);
			path = Components;
			sourceTree = "<group>";
		};
		47ED84AC26C842DA003817AD /* Modules */ = {
			isa = PBXGroup;
			children = (
				1C63B3F126C88ECE00A77284 /* Onboarding */,
				1C63B3EE26C867C900A77284 /* Slider */,
				1C53595D26C83E9200F5B148 /* Main.storyboard */,
			);
			path = Modules;
			sourceTree = "<group>";
		};
		47ED84B026C842F2003817AD /* Foundation */ = {
			isa = PBXGroup;
			children = (
				47CE106326C99967002EAAE9 /* String+Extensions.swift */,
			);
			path = Foundation;
			sourceTree = "<group>";
		};
		47ED84B126C842F7003817AD /* UIKit */ = {
			isa = PBXGroup;
			children = (
				1C63B3F426C88FAE00A77284 /* UILabel+Extensions.swift */,
				1C63B3EF26C86AE500A77284 /* UIView+Extensions.swift */,
				1C7E701326DB3DE5002E8E72 /* UIViewController+Extensions.swift */,
				1C53598826C85F9F00F5B148 /* UIColor+Extensions.swift */,
				1C53598A26C860B800F5B148 /* UIFont+Extensions.swift */,
			);
			path = UIKit;
			sourceTree = "<group>";
		};
		D3AAE4A64CDCF621E3B4CF87 /* Pods */ = {
			isa = PBXGroup;
			children = (
				954F70E797D3A7125BBD8A57 /* Pods-Kenneth.debug.xcconfig */,
				E9C30F5DE892EB8B107FAFBA /* Pods-Kenneth.release.xcconfig */,
				0A945E7A74E43298A718111E /* Pods-Kenneth-KennethUITests.debug.xcconfig */,
				45CBE67566BA8A8A4B072117 /* Pods-Kenneth-KennethUITests.release.xcconfig */,
				96645A9CDD64433DF950C302 /* Pods-KennethTests.debug.xcconfig */,
				DE8D75847E462F98980B5DE7 /* Pods-KennethTests.release.xcconfig */,
			);
			path = Pods;
			sourceTree = "<group>";
		};
/* End PBXGroup section */

/* Begin PBXNativeTarget section */
		1C53595326C83E9200F5B148 /* Kenneth */ = {
			isa = PBXNativeTarget;
			buildConfigurationList = 1C53597E26C83E9400F5B148 /* Build configuration list for PBXNativeTarget "Kenneth" */;
			buildPhases = (
				543901BA77148012ABC41665 /* [CP] Check Pods Manifest.lock */,
				1C53595026C83E9200F5B148 /* Sources */,
				1C53595126C83E9200F5B148 /* Frameworks */,
				1C53595226C83E9200F5B148 /* Resources */,
				5D15E79D5398DA971D981EF4 /* [CP] Embed Pods Frameworks */,
			);
			buildRules = (
			);
			dependencies = (
			);
			name = Kenneth;
			productName = Kenneth;
			productReference = 1C53595426C83E9200F5B148 /* Kenneth.app */;
			productType = "com.apple.product-type.application";
		};
		1C53596926C83E9400F5B148 /* KennethTests */ = {
			isa = PBXNativeTarget;
			buildConfigurationList = 1C53598126C83E9400F5B148 /* Build configuration list for PBXNativeTarget "KennethTests" */;
			buildPhases = (
				52812994C9EDA29E15B67D02 /* [CP] Check Pods Manifest.lock */,
				1C53596626C83E9400F5B148 /* Sources */,
				1C53596726C83E9400F5B148 /* Frameworks */,
				1C53596826C83E9400F5B148 /* Resources */,
			);
			buildRules = (
			);
			dependencies = (
				1C53596C26C83E9400F5B148 /* PBXTargetDependency */,
			);
			name = KennethTests;
			productName = KennethTests;
			productReference = 1C53596A26C83E9400F5B148 /* KennethTests.xctest */;
			productType = "com.apple.product-type.bundle.unit-test";
		};
		1C53597426C83E9400F5B148 /* KennethUITests */ = {
			isa = PBXNativeTarget;
			buildConfigurationList = 1C53598426C83E9400F5B148 /* Build configuration list for PBXNativeTarget "KennethUITests" */;
			buildPhases = (
				B0188E297607F7151E2B28D3 /* [CP] Check Pods Manifest.lock */,
				1C53597126C83E9400F5B148 /* Sources */,
				1C53597226C83E9400F5B148 /* Frameworks */,
				1C53597326C83E9400F5B148 /* Resources */,
				53B7598D7A82D2F303B4669E /* [CP] Embed Pods Frameworks */,
			);
			buildRules = (
			);
			dependencies = (
				1C53597726C83E9400F5B148 /* PBXTargetDependency */,
			);
			name = KennethUITests;
			productName = KennethUITests;
			productReference = 1C53597526C83E9400F5B148 /* KennethUITests.xctest */;
			productType = "com.apple.product-type.bundle.ui-testing";
		};
/* End PBXNativeTarget section */

/* Begin PBXProject section */
		1C53594C26C83E9200F5B148 /* Project object */ = {
			isa = PBXProject;
			attributes = {
				LastSwiftUpdateCheck = 1250;
				LastUpgradeCheck = 1250;
				TargetAttributes = {
					1C53595326C83E9200F5B148 = {
						CreatedOnToolsVersion = 12.5.1;
					};
					1C53596926C83E9400F5B148 = {
						CreatedOnToolsVersion = 12.5.1;
						TestTargetID = 1C53595326C83E9200F5B148;
					};
					1C53597426C83E9400F5B148 = {
						CreatedOnToolsVersion = 12.5.1;
						TestTargetID = 1C53595326C83E9200F5B148;
					};
				};
			};
			buildConfigurationList = 1C53594F26C83E9200F5B148 /* Build configuration list for PBXProject "Kenneth" */;
			compatibilityVersion = "Xcode 9.3";
			developmentRegion = en;
			hasScannedForEncodings = 0;
			knownRegions = (
				en,
				Base,
			);
			mainGroup = 1C53594B26C83E9200F5B148;
			productRefGroup = 1C53595526C83E9200F5B148 /* Products */;
			projectDirPath = "";
			projectRoot = "";
			targets = (
				1C53595326C83E9200F5B148 /* Kenneth */,
				1C53596926C83E9400F5B148 /* KennethTests */,
				1C53597426C83E9400F5B148 /* KennethUITests */,
			);
		};
/* End PBXProject section */

/* Begin PBXResourcesBuildPhase section */
		1C53595226C83E9200F5B148 /* Resources */ = {
			isa = PBXResourcesBuildPhase;
			buildActionMask = 2147483647;
			files = (
				1C53596426C83E9400F5B148 /* LaunchScreen.storyboard in Resources */,
				1C53596126C83E9400F5B148 /* Assets.xcassets in Resources */,
				47ED84B726C84CEF003817AD /* SF-Pro-Display-Semibold.otf in Resources */,
				47ED84B626C84CEF003817AD /* SF-Pro-Display-Bold.otf in Resources */,
				47ED84B826C84CEF003817AD /* SF-Pro-Display-Light.otf in Resources */,
				47ED84B926C84CEF003817AD /* SF-Pro-Display-Regular.otf in Resources */,
				1C7E701226DB3602002E8E72 /* ButtonView.xib in Resources */,
				1C53595F26C83E9200F5B148 /* Main.storyboard in Resources */,
			);
			runOnlyForDeploymentPostprocessing = 0;
		};
		1C53596826C83E9400F5B148 /* Resources */ = {
			isa = PBXResourcesBuildPhase;
			buildActionMask = 2147483647;
			files = (
			);
			runOnlyForDeploymentPostprocessing = 0;
		};
		1C53597326C83E9400F5B148 /* Resources */ = {
			isa = PBXResourcesBuildPhase;
			buildActionMask = 2147483647;
			files = (
			);
			runOnlyForDeploymentPostprocessing = 0;
		};
/* End PBXResourcesBuildPhase section */

/* Begin PBXShellScriptBuildPhase section */
		52812994C9EDA29E15B67D02 /* [CP] Check Pods Manifest.lock */ = {
			isa = PBXShellScriptBuildPhase;
			buildActionMask = 2147483647;
			files = (
			);
			inputFileListPaths = (
			);
			inputPaths = (
				"${PODS_PODFILE_DIR_PATH}/Podfile.lock",
				"${PODS_ROOT}/Manifest.lock",
			);
			name = "[CP] Check Pods Manifest.lock";
			outputFileListPaths = (
			);
			outputPaths = (
				"$(DERIVED_FILE_DIR)/Pods-KennethTests-checkManifestLockResult.txt",
			);
			runOnlyForDeploymentPostprocessing = 0;
			shellPath = /bin/sh;
			shellScript = "diff \"${PODS_PODFILE_DIR_PATH}/Podfile.lock\" \"${PODS_ROOT}/Manifest.lock\" > /dev/null\nif [ $? != 0 ] ; then\n    # print error to STDERR\n    echo \"error: The sandbox is not in sync with the Podfile.lock. Run 'pod install' or update your CocoaPods installation.\" >&2\n    exit 1\nfi\n# This output is used by Xcode 'outputs' to avoid re-running this script phase.\necho \"SUCCESS\" > \"${SCRIPT_OUTPUT_FILE_0}\"\n";
			showEnvVarsInLog = 0;
		};
		53B7598D7A82D2F303B4669E /* [CP] Embed Pods Frameworks */ = {
			isa = PBXShellScriptBuildPhase;
			buildActionMask = 2147483647;
			files = (
			);
			inputFileListPaths = (
				"${PODS_ROOT}/Target Support Files/Pods-Kenneth-KennethUITests/Pods-Kenneth-KennethUITests-frameworks-${CONFIGURATION}-input-files.xcfilelist",
			);
			name = "[CP] Embed Pods Frameworks";
			outputFileListPaths = (
				"${PODS_ROOT}/Target Support Files/Pods-Kenneth-KennethUITests/Pods-Kenneth-KennethUITests-frameworks-${CONFIGURATION}-output-files.xcfilelist",
			);
			runOnlyForDeploymentPostprocessing = 0;
			shellPath = /bin/sh;
			shellScript = "\"${PODS_ROOT}/Target Support Files/Pods-Kenneth-KennethUITests/Pods-Kenneth-KennethUITests-frameworks.sh\"\n";
			showEnvVarsInLog = 0;
		};
		543901BA77148012ABC41665 /* [CP] Check Pods Manifest.lock */ = {
			isa = PBXShellScriptBuildPhase;
			buildActionMask = 2147483647;
			files = (
			);
			inputFileListPaths = (
			);
			inputPaths = (
				"${PODS_PODFILE_DIR_PATH}/Podfile.lock",
				"${PODS_ROOT}/Manifest.lock",
			);
			name = "[CP] Check Pods Manifest.lock";
			outputFileListPaths = (
			);
			outputPaths = (
				"$(DERIVED_FILE_DIR)/Pods-Kenneth-checkManifestLockResult.txt",
			);
			runOnlyForDeploymentPostprocessing = 0;
			shellPath = /bin/sh;
			shellScript = "diff \"${PODS_PODFILE_DIR_PATH}/Podfile.lock\" \"${PODS_ROOT}/Manifest.lock\" > /dev/null\nif [ $? != 0 ] ; then\n    # print error to STDERR\n    echo \"error: The sandbox is not in sync with the Podfile.lock. Run 'pod install' or update your CocoaPods installation.\" >&2\n    exit 1\nfi\n# This output is used by Xcode 'outputs' to avoid re-running this script phase.\necho \"SUCCESS\" > \"${SCRIPT_OUTPUT_FILE_0}\"\n";
			showEnvVarsInLog = 0;
		};
		5D15E79D5398DA971D981EF4 /* [CP] Embed Pods Frameworks */ = {
			isa = PBXShellScriptBuildPhase;
			buildActionMask = 2147483647;
			files = (
			);
			inputFileListPaths = (
				"${PODS_ROOT}/Target Support Files/Pods-Kenneth/Pods-Kenneth-frameworks-${CONFIGURATION}-input-files.xcfilelist",
			);
			name = "[CP] Embed Pods Frameworks";
			outputFileListPaths = (
				"${PODS_ROOT}/Target Support Files/Pods-Kenneth/Pods-Kenneth-frameworks-${CONFIGURATION}-output-files.xcfilelist",
			);
			runOnlyForDeploymentPostprocessing = 0;
			shellPath = /bin/sh;
			shellScript = "\"${PODS_ROOT}/Target Support Files/Pods-Kenneth/Pods-Kenneth-frameworks.sh\"\n";
			showEnvVarsInLog = 0;
		};
		B0188E297607F7151E2B28D3 /* [CP] Check Pods Manifest.lock */ = {
			isa = PBXShellScriptBuildPhase;
			buildActionMask = 2147483647;
			files = (
			);
			inputFileListPaths = (
			);
			inputPaths = (
				"${PODS_PODFILE_DIR_PATH}/Podfile.lock",
				"${PODS_ROOT}/Manifest.lock",
			);
			name = "[CP] Check Pods Manifest.lock";
			outputFileListPaths = (
			);
			outputPaths = (
				"$(DERIVED_FILE_DIR)/Pods-Kenneth-KennethUITests-checkManifestLockResult.txt",
			);
			runOnlyForDeploymentPostprocessing = 0;
			shellPath = /bin/sh;
			shellScript = "diff \"${PODS_PODFILE_DIR_PATH}/Podfile.lock\" \"${PODS_ROOT}/Manifest.lock\" > /dev/null\nif [ $? != 0 ] ; then\n    # print error to STDERR\n    echo \"error: The sandbox is not in sync with the Podfile.lock. Run 'pod install' or update your CocoaPods installation.\" >&2\n    exit 1\nfi\n# This output is used by Xcode 'outputs' to avoid re-running this script phase.\necho \"SUCCESS\" > \"${SCRIPT_OUTPUT_FILE_0}\"\n";
			showEnvVarsInLog = 0;
		};
/* End PBXShellScriptBuildPhase section */

/* Begin PBXSourcesBuildPhase section */
		1C53595026C83E9200F5B148 /* Sources */ = {
			isa = PBXSourcesBuildPhase;
			buildActionMask = 2147483647;
			files = (
				1C63B3F326C88EE600A77284 /* LoginViewController.swift in Sources */,
				47CE106426C99967002EAAE9 /* String+Extensions.swift in Sources */,
				1C7E700926DB0E68002E8E72 /* ButtonViewStyle.swift in Sources */,
				1C63B3F026C86AE500A77284 /* UIView+Extensions.swift in Sources */,
				1C7E701426DB3DE5002E8E72 /* UIViewController+Extensions.swift in Sources */,
				1C7E700726DB0CF2002E8E72 /* ClosureTypes.swift in Sources */,
				1C53595C26C83E9200F5B148 /* SliderViewController.swift in Sources */,
				1C7E6FFF26DAAAA9002E8E72 /* LoginViewState.swift in Sources */,
				1C53595826C83E9200F5B148 /* AppDelegate.swift in Sources */,
				1C63B3F526C88FAE00A77284 /* UILabel+Extensions.swift in Sources */,
				472EB4D826DAF85300937B7E /* BaseViewController.swift in Sources */,
				1C7E700226DB0705002E8E72 /* ButtonView.swift in Sources */,
				1C7E700526DB0741002E8E72 /* NibOwnerLoadable.swift in Sources */,
				1C7E700D26DB0F19002E8E72 /* TextStyle.swift in Sources */,
				1C53595A26C83E9200F5B148 /* SceneDelegate.swift in Sources */,
				1C7E6FFD26DA8D0F002E8E72 /* LoginServiceProtocol.swift in Sources */,
				1CCA4EDF26C9553A000A3214 /* RegisterViewController.swift in Sources */,
				1C7E6FF426DA844B002E8E72 /* LoginViewModel.swift in Sources */,
				47CE106C26C9A2B5002EAAE9 /* ForgotPasswordViewController.swift in Sources */,
				1CCA4EE126C95550000A3214 /* OnboardingViewController.swift in Sources */,
				1C7E700F26DB1156002E8E72 /* TextBuilder.swift in Sources */,
				1C53598B26C860B800F5B148 /* UIFont+Extensions.swift in Sources */,
				1C53598926C85F9F00F5B148 /* UIColor+Extensions.swift in Sources */,
				1C7E6FFA26DA89F0002E8E72 /* LoginService.swift in Sources */,
			);
			runOnlyForDeploymentPostprocessing = 0;
		};
		1C53596626C83E9400F5B148 /* Sources */ = {
			isa = PBXSourcesBuildPhase;
			buildActionMask = 2147483647;
			files = (
				1C53596F26C83E9400F5B148 /* KennethTests.swift in Sources */,
			);
			runOnlyForDeploymentPostprocessing = 0;
		};
		1C53597126C83E9400F5B148 /* Sources */ = {
			isa = PBXSourcesBuildPhase;
			buildActionMask = 2147483647;
			files = (
				1C53597A26C83E9400F5B148 /* KennethUITests.swift in Sources */,
			);
			runOnlyForDeploymentPostprocessing = 0;
		};
/* End PBXSourcesBuildPhase section */

/* Begin PBXTargetDependency section */
		1C53596C26C83E9400F5B148 /* PBXTargetDependency */ = {
			isa = PBXTargetDependency;
			target = 1C53595326C83E9200F5B148 /* Kenneth */;
			targetProxy = 1C53596B26C83E9400F5B148 /* PBXContainerItemProxy */;
		};
		1C53597726C83E9400F5B148 /* PBXTargetDependency */ = {
			isa = PBXTargetDependency;
			target = 1C53595326C83E9200F5B148 /* Kenneth */;
			targetProxy = 1C53597626C83E9400F5B148 /* PBXContainerItemProxy */;
		};
/* End PBXTargetDependency section */

/* Begin PBXVariantGroup section */
		1C53595D26C83E9200F5B148 /* Main.storyboard */ = {
			isa = PBXVariantGroup;
			children = (
				1C53595E26C83E9200F5B148 /* Base */,
			);
			name = Main.storyboard;
			sourceTree = "<group>";
		};
		1C53596226C83E9400F5B148 /* LaunchScreen.storyboard */ = {
			isa = PBXVariantGroup;
			children = (
				1C53596326C83E9400F5B148 /* Base */,
			);
			name = LaunchScreen.storyboard;
			sourceTree = "<group>";
		};
/* End PBXVariantGroup section */

/* Begin XCBuildConfiguration section */
		1C53597C26C83E9400F5B148 /* Debug */ = {
			isa = XCBuildConfiguration;
			buildSettings = {
				ALWAYS_SEARCH_USER_PATHS = NO;
				CLANG_ANALYZER_NONNULL = YES;
				CLANG_ANALYZER_NUMBER_OBJECT_CONVERSION = YES_AGGRESSIVE;
				CLANG_CXX_LANGUAGE_STANDARD = "gnu++14";
				CLANG_CXX_LIBRARY = "libc++";
				CLANG_ENABLE_MODULES = YES;
				CLANG_ENABLE_OBJC_ARC = YES;
				CLANG_ENABLE_OBJC_WEAK = YES;
				CLANG_WARN_BLOCK_CAPTURE_AUTORELEASING = YES;
				CLANG_WARN_BOOL_CONVERSION = YES;
				CLANG_WARN_COMMA = YES;
				CLANG_WARN_CONSTANT_CONVERSION = YES;
				CLANG_WARN_DEPRECATED_OBJC_IMPLEMENTATIONS = YES;
				CLANG_WARN_DIRECT_OBJC_ISA_USAGE = YES_ERROR;
				CLANG_WARN_DOCUMENTATION_COMMENTS = YES;
				CLANG_WARN_EMPTY_BODY = YES;
				CLANG_WARN_ENUM_CONVERSION = YES;
				CLANG_WARN_INFINITE_RECURSION = YES;
				CLANG_WARN_INT_CONVERSION = YES;
				CLANG_WARN_NON_LITERAL_NULL_CONVERSION = YES;
				CLANG_WARN_OBJC_IMPLICIT_RETAIN_SELF = YES;
				CLANG_WARN_OBJC_LITERAL_CONVERSION = YES;
				CLANG_WARN_OBJC_ROOT_CLASS = YES_ERROR;
				CLANG_WARN_QUOTED_INCLUDE_IN_FRAMEWORK_HEADER = YES;
				CLANG_WARN_RANGE_LOOP_ANALYSIS = YES;
				CLANG_WARN_STRICT_PROTOTYPES = YES;
				CLANG_WARN_SUSPICIOUS_MOVE = YES;
				CLANG_WARN_UNGUARDED_AVAILABILITY = YES_AGGRESSIVE;
				CLANG_WARN_UNREACHABLE_CODE = YES;
				CLANG_WARN__DUPLICATE_METHOD_MATCH = YES;
				COPY_PHASE_STRIP = NO;
				DEBUG_INFORMATION_FORMAT = dwarf;
				ENABLE_STRICT_OBJC_MSGSEND = YES;
				ENABLE_TESTABILITY = YES;
				GCC_C_LANGUAGE_STANDARD = gnu11;
				GCC_DYNAMIC_NO_PIC = NO;
				GCC_NO_COMMON_BLOCKS = YES;
				GCC_OPTIMIZATION_LEVEL = 0;
				GCC_PREPROCESSOR_DEFINITIONS = (
					"DEBUG=1",
					"$(inherited)",
				);
				GCC_WARN_64_TO_32_BIT_CONVERSION = YES;
				GCC_WARN_ABOUT_RETURN_TYPE = YES_ERROR;
				GCC_WARN_UNDECLARED_SELECTOR = YES;
				GCC_WARN_UNINITIALIZED_AUTOS = YES_AGGRESSIVE;
				GCC_WARN_UNUSED_FUNCTION = YES;
				GCC_WARN_UNUSED_VARIABLE = YES;
				IPHONEOS_DEPLOYMENT_TARGET = 13.6;
				MTL_ENABLE_DEBUG_INFO = INCLUDE_SOURCE;
				MTL_FAST_MATH = YES;
				ONLY_ACTIVE_ARCH = YES;
				SDKROOT = iphoneos;
				SWIFT_ACTIVE_COMPILATION_CONDITIONS = DEBUG;
				SWIFT_OPTIMIZATION_LEVEL = "-Onone";
			};
			name = Debug;
		};
		1C53597D26C83E9400F5B148 /* Release */ = {
			isa = XCBuildConfiguration;
			buildSettings = {
				ALWAYS_SEARCH_USER_PATHS = NO;
				CLANG_ANALYZER_NONNULL = YES;
				CLANG_ANALYZER_NUMBER_OBJECT_CONVERSION = YES_AGGRESSIVE;
				CLANG_CXX_LANGUAGE_STANDARD = "gnu++14";
				CLANG_CXX_LIBRARY = "libc++";
				CLANG_ENABLE_MODULES = YES;
				CLANG_ENABLE_OBJC_ARC = YES;
				CLANG_ENABLE_OBJC_WEAK = YES;
				CLANG_WARN_BLOCK_CAPTURE_AUTORELEASING = YES;
				CLANG_WARN_BOOL_CONVERSION = YES;
				CLANG_WARN_COMMA = YES;
				CLANG_WARN_CONSTANT_CONVERSION = YES;
				CLANG_WARN_DEPRECATED_OBJC_IMPLEMENTATIONS = YES;
				CLANG_WARN_DIRECT_OBJC_ISA_USAGE = YES_ERROR;
				CLANG_WARN_DOCUMENTATION_COMMENTS = YES;
				CLANG_WARN_EMPTY_BODY = YES;
				CLANG_WARN_ENUM_CONVERSION = YES;
				CLANG_WARN_INFINITE_RECURSION = YES;
				CLANG_WARN_INT_CONVERSION = YES;
				CLANG_WARN_NON_LITERAL_NULL_CONVERSION = YES;
				CLANG_WARN_OBJC_IMPLICIT_RETAIN_SELF = YES;
				CLANG_WARN_OBJC_LITERAL_CONVERSION = YES;
				CLANG_WARN_OBJC_ROOT_CLASS = YES_ERROR;
				CLANG_WARN_QUOTED_INCLUDE_IN_FRAMEWORK_HEADER = YES;
				CLANG_WARN_RANGE_LOOP_ANALYSIS = YES;
				CLANG_WARN_STRICT_PROTOTYPES = YES;
				CLANG_WARN_SUSPICIOUS_MOVE = YES;
				CLANG_WARN_UNGUARDED_AVAILABILITY = YES_AGGRESSIVE;
				CLANG_WARN_UNREACHABLE_CODE = YES;
				CLANG_WARN__DUPLICATE_METHOD_MATCH = YES;
				COPY_PHASE_STRIP = NO;
				DEBUG_INFORMATION_FORMAT = "dwarf-with-dsym";
				ENABLE_NS_ASSERTIONS = NO;
				ENABLE_STRICT_OBJC_MSGSEND = YES;
				GCC_C_LANGUAGE_STANDARD = gnu11;
				GCC_NO_COMMON_BLOCKS = YES;
				GCC_WARN_64_TO_32_BIT_CONVERSION = YES;
				GCC_WARN_ABOUT_RETURN_TYPE = YES_ERROR;
				GCC_WARN_UNDECLARED_SELECTOR = YES;
				GCC_WARN_UNINITIALIZED_AUTOS = YES_AGGRESSIVE;
				GCC_WARN_UNUSED_FUNCTION = YES;
				GCC_WARN_UNUSED_VARIABLE = YES;
				IPHONEOS_DEPLOYMENT_TARGET = 13.6;
				MTL_ENABLE_DEBUG_INFO = NO;
				MTL_FAST_MATH = YES;
				SDKROOT = iphoneos;
				SWIFT_COMPILATION_MODE = wholemodule;
				SWIFT_OPTIMIZATION_LEVEL = "-O";
				VALIDATE_PRODUCT = YES;
			};
			name = Release;
		};
		1C53597F26C83E9400F5B148 /* Debug */ = {
			isa = XCBuildConfiguration;
			baseConfigurationReference = 954F70E797D3A7125BBD8A57 /* Pods-Kenneth.debug.xcconfig */;
			buildSettings = {
				ASSETCATALOG_COMPILER_APPICON_NAME = AppIcon;
				ASSETCATALOG_COMPILER_GLOBAL_ACCENT_COLOR_NAME = AccentColor;
				CODE_SIGN_STYLE = Automatic;
				DEVELOPMENT_TEAM = Z5AHKNAYZ3;
				INFOPLIST_FILE = App/Info.plist;
				LD_RUNPATH_SEARCH_PATHS = (
					"$(inherited)",
					"@executable_path/Frameworks",
				);
				PRODUCT_BUNDLE_IDENTIFIER = com.path.Kenneth;
				PRODUCT_NAME = "$(TARGET_NAME)";
				SWIFT_VERSION = 5.0;
				TARGETED_DEVICE_FAMILY = 1;
			};
			name = Debug;
		};
		1C53598026C83E9400F5B148 /* Release */ = {
			isa = XCBuildConfiguration;
			baseConfigurationReference = E9C30F5DE892EB8B107FAFBA /* Pods-Kenneth.release.xcconfig */;
			buildSettings = {
				ASSETCATALOG_COMPILER_APPICON_NAME = AppIcon;
				ASSETCATALOG_COMPILER_GLOBAL_ACCENT_COLOR_NAME = AccentColor;
				CODE_SIGN_STYLE = Automatic;
				DEVELOPMENT_TEAM = Z5AHKNAYZ3;
				INFOPLIST_FILE = App/Info.plist;
				LD_RUNPATH_SEARCH_PATHS = (
					"$(inherited)",
					"@executable_path/Frameworks",
				);
				PRODUCT_BUNDLE_IDENTIFIER = com.path.Kenneth;
				PRODUCT_NAME = "$(TARGET_NAME)";
				SWIFT_VERSION = 5.0;
				TARGETED_DEVICE_FAMILY = 1;
			};
			name = Release;
		};
		1C53598226C83E9400F5B148 /* Debug */ = {
			isa = XCBuildConfiguration;
			baseConfigurationReference = 96645A9CDD64433DF950C302 /* Pods-KennethTests.debug.xcconfig */;
			buildSettings = {
				ALWAYS_EMBED_SWIFT_STANDARD_LIBRARIES = YES;
				BUNDLE_LOADER = "$(TEST_HOST)";
				CODE_SIGN_STYLE = Automatic;
				DEVELOPMENT_TEAM = Z5AHKNAYZ3;
				INFOPLIST_FILE = KennethTests/App/Info.plist;
				IPHONEOS_DEPLOYMENT_TARGET = 14.5;
				LD_RUNPATH_SEARCH_PATHS = (
					"$(inherited)",
					"@executable_path/Frameworks",
					"@loader_path/Frameworks",
				);
				PRODUCT_BUNDLE_IDENTIFIER = com.path.KennethTests;
				PRODUCT_NAME = "$(TARGET_NAME)";
				SWIFT_VERSION = 5.0;
				TARGETED_DEVICE_FAMILY = "1,2";
				TEST_HOST = "$(BUILT_PRODUCTS_DIR)/Kenneth.app/Kenneth";
			};
			name = Debug;
		};
		1C53598326C83E9400F5B148 /* Release */ = {
			isa = XCBuildConfiguration;
			baseConfigurationReference = DE8D75847E462F98980B5DE7 /* Pods-KennethTests.release.xcconfig */;
			buildSettings = {
				ALWAYS_EMBED_SWIFT_STANDARD_LIBRARIES = YES;
				BUNDLE_LOADER = "$(TEST_HOST)";
				CODE_SIGN_STYLE = Automatic;
				DEVELOPMENT_TEAM = Z5AHKNAYZ3;
				INFOPLIST_FILE = KennethTests/App/Info.plist;
				IPHONEOS_DEPLOYMENT_TARGET = 14.5;
				LD_RUNPATH_SEARCH_PATHS = (
					"$(inherited)",
					"@executable_path/Frameworks",
					"@loader_path/Frameworks",
				);
				PRODUCT_BUNDLE_IDENTIFIER = com.path.KennethTests;
				PRODUCT_NAME = "$(TARGET_NAME)";
				SWIFT_VERSION = 5.0;
				TARGETED_DEVICE_FAMILY = "1,2";
				TEST_HOST = "$(BUILT_PRODUCTS_DIR)/Kenneth.app/Kenneth";
			};
			name = Release;
		};
		1C53598526C83E9400F5B148 /* Debug */ = {
			isa = XCBuildConfiguration;
			baseConfigurationReference = 0A945E7A74E43298A718111E /* Pods-Kenneth-KennethUITests.debug.xcconfig */;
			buildSettings = {
				ALWAYS_EMBED_SWIFT_STANDARD_LIBRARIES = YES;
				CODE_SIGN_STYLE = Automatic;
				DEVELOPMENT_TEAM = Z5AHKNAYZ3;
				INFOPLIST_FILE = KennethUITests/App/Info.plist;
				LD_RUNPATH_SEARCH_PATHS = (
					"$(inherited)",
					"@executable_path/Frameworks",
					"@loader_path/Frameworks",
				);
				PRODUCT_BUNDLE_IDENTIFIER = com.path.KennethUITests;
				PRODUCT_NAME = "$(TARGET_NAME)";
				SWIFT_VERSION = 5.0;
				TARGETED_DEVICE_FAMILY = "1,2";
				TEST_TARGET_NAME = Kenneth;
			};
			name = Debug;
		};
		1C53598626C83E9400F5B148 /* Release */ = {
			isa = XCBuildConfiguration;
			baseConfigurationReference = 45CBE67566BA8A8A4B072117 /* Pods-Kenneth-KennethUITests.release.xcconfig */;
			buildSettings = {
				ALWAYS_EMBED_SWIFT_STANDARD_LIBRARIES = YES;
				CODE_SIGN_STYLE = Automatic;
				DEVELOPMENT_TEAM = Z5AHKNAYZ3;
				INFOPLIST_FILE = KennethUITests/App/Info.plist;
				LD_RUNPATH_SEARCH_PATHS = (
					"$(inherited)",
					"@executable_path/Frameworks",
					"@loader_path/Frameworks",
				);
				PRODUCT_BUNDLE_IDENTIFIER = com.path.KennethUITests;
				PRODUCT_NAME = "$(TARGET_NAME)";
				SWIFT_VERSION = 5.0;
				TARGETED_DEVICE_FAMILY = "1,2";
				TEST_TARGET_NAME = Kenneth;
			};
			name = Release;
		};
/* End XCBuildConfiguration section */

/* Begin XCConfigurationList section */
		1C53594F26C83E9200F5B148 /* Build configuration list for PBXProject "Kenneth" */ = {
			isa = XCConfigurationList;
			buildConfigurations = (
				1C53597C26C83E9400F5B148 /* Debug */,
				1C53597D26C83E9400F5B148 /* Release */,
			);
			defaultConfigurationIsVisible = 0;
			defaultConfigurationName = Release;
		};
		1C53597E26C83E9400F5B148 /* Build configuration list for PBXNativeTarget "Kenneth" */ = {
			isa = XCConfigurationList;
			buildConfigurations = (
				1C53597F26C83E9400F5B148 /* Debug */,
				1C53598026C83E9400F5B148 /* Release */,
			);
			defaultConfigurationIsVisible = 0;
			defaultConfigurationName = Release;
		};
		1C53598126C83E9400F5B148 /* Build configuration list for PBXNativeTarget "KennethTests" */ = {
			isa = XCConfigurationList;
			buildConfigurations = (
				1C53598226C83E9400F5B148 /* Debug */,
				1C53598326C83E9400F5B148 /* Release */,
			);
			defaultConfigurationIsVisible = 0;
			defaultConfigurationName = Release;
		};
		1C53598426C83E9400F5B148 /* Build configuration list for PBXNativeTarget "KennethUITests" */ = {
			isa = XCConfigurationList;
			buildConfigurations = (
				1C53598526C83E9400F5B148 /* Debug */,
				1C53598626C83E9400F5B148 /* Release */,
			);
			defaultConfigurationIsVisible = 0;
			defaultConfigurationName = Release;
		};
/* End XCConfigurationList section */
	};
	rootObject = 1C53594C26C83E9200F5B148 /* Project object */;
}
